// !$*UTF8*$!
{
	archiveVersion = 1;
	classes = {
	};
	objectVersion = 77;
	objects = {

/* Begin PBXBuildFile section */
		1FF10F052E242C2B0026F1EB /* MockDataManager.swift in Sources */ = {isa = PBXBuildFile; fileRef = 1FF10EFE2E242C2B0026F1EB /* MockDataManager.swift */; };
		1FF10F062E242C2B0026F1EB /* Theme.swift in Sources */ = {isa = PBXBuildFile; fileRef = 1FF10EF52E242C2B0026F1EB /* Theme.swift */; };
		1FF10F072E242C2B0026F1EB /* BaseViewController.swift in Sources */ = {isa = PBXBuildFile; fileRef = 1FF10F012E242C2B0026F1EB /* BaseViewController.swift */; };
		1FF10F082E242C2B0026F1EB /* AppDelegate.swift in Sources */ = {isa = PBXBuildFile; fileRef = 1FF10EF12E242C2B0026F1EB /* AppDelegate.swift */; };
		1FF10F092E242C2B0026F1EB /* SceneDelegate.swift in Sources */ = {isa = PBXBuildFile; fileRef = 1FF10EF22E242C2B0026F1EB /* SceneDelegate.swift */; };
		1FF10F0A2E242C2B0026F1EB /* FeedViewController.swift in Sources */ = {isa = PBXBuildFile; fileRef = 1FF10F022E242C2B0026F1EB /* FeedViewController.swift */; };
		1FF10F0B2E242C2B0026F1EB /* APIClient.swift in Sources */ = {isa = PBXBuildFile; fileRef = 1FF10EFD2E242C2B0026F1EB /* APIClient.swift */; };
		1FF10F0C2E242C2B0026F1EB /* Environment.swift in Sources */ = {isa = PBXBuildFile; fileRef = 1FF10EF42E242C2B0026F1EB /* Environment.swift */; };
		1FF10F0D2E242C2B0026F1EB /* LaunchScreen.storyboard in Resources */ = {isa = PBXBuildFile; fileRef = 1FF10EFB2E242C2B0026F1EB /* LaunchScreen.storyboard */; };
		1FF10F0E2E242C2B0026F1EB /* .env in Resources */ = {isa = PBXBuildFile; fileRef = 1FF10EF82E242C2B0026F1EB /* .env */; };
		1FF10F0F2E242C2B0026F1EB /* Assets.xcassets in Resources */ = {isa = PBXBuildFile; fileRef = 1FF10EF92E242C2B0026F1EB /* Assets.xcassets */; };
/* End PBXBuildFile section */

/* Begin PBXContainerItemProxy section */
		1FF10ECD2E242A390026F1EB /* PBXContainerItemProxy */ = {
			isa = PBXContainerItemProxy;
			containerPortal = 1FF10EAE2E242A360026F1EB /* Project object */;
			proxyType = 1;
			remoteGlobalIDString = 1FF10EB52E242A360026F1EB;
			remoteInfo = lynk;
		};
		1FF10ED72E242A390026F1EB /* PBXContainerItemProxy */ = {
			isa = PBXContainerItemProxy;
			containerPortal = 1FF10EAE2E242A360026F1EB /* Project object */;
			proxyType = 1;
			remoteGlobalIDString = 1FF10EB52E242A360026F1EB;
			remoteInfo = lynk;
		};
/* End PBXContainerItemProxy section */

/* Begin PBXFileReference section */
		1FF10EB62E242A360026F1EB /* lynk.app */ = {isa = PBXFileReference; explicitFileType = wrapper.application; includeInIndex = 0; path = lynk.app; sourceTree = BUILT_PRODUCTS_DIR; };
		1FF10ECC2E242A390026F1EB /* lynkTests.xctest */ = {isa = PBXFileReference; explicitFileType = wrapper.cfbundle; includeInIndex = 0; path = lynkTests.xctest; sourceTree = BUILT_PRODUCTS_DIR; };
		1FF10ED62E242A390026F1EB /* lynkUITests.xctest */ = {isa = PBXFileReference; explicitFileType = wrapper.cfbundle; includeInIndex = 0; path = lynkUITests.xctest; sourceTree = BUILT_PRODUCTS_DIR; };
		1FF10EF12E242C2B0026F1EB /* AppDelegate.swift */ = {isa = PBXFileReference; lastKnownFileType = sourcecode.swift; path = AppDelegate.swift; sourceTree = "<group>"; };
		1FF10EF22E242C2B0026F1EB /* SceneDelegate.swift */ = {isa = PBXFileReference; lastKnownFileType = sourcecode.swift; path = SceneDelegate.swift; sourceTree = "<group>"; };
		1FF10EF42E242C2B0026F1EB /* Environment.swift */ = {isa = PBXFileReference; lastKnownFileType = sourcecode.swift; path = Environment.swift; sourceTree = "<group>"; };
		1FF10EF52E242C2B0026F1EB /* Theme.swift */ = {isa = PBXFileReference; lastKnownFileType = sourcecode.swift; path = Theme.swift; sourceTree = "<group>"; };
		1FF10EF82E242C2B0026F1EB /* .env */ = {isa = PBXFileReference; lastKnownFileType = text; path = .env; sourceTree = "<group>"; };
		1FF10EF92E242C2B0026F1EB /* Assets.xcassets */ = {isa = PBXFileReference; lastKnownFileType = folder.assetcatalog; path = Assets.xcassets; sourceTree = "<group>"; };
		1FF10EFA2E242C2B0026F1EB /* Info.plist */ = {isa = PBXFileReference; lastKnownFileType = text.plist.xml; path = Info.plist; sourceTree = "<group>"; };
		1FF10EFB2E242C2B0026F1EB /* LaunchScreen.storyboard */ = {isa = PBXFileReference; lastKnownFileType = file.storyboard; path = LaunchScreen.storyboard; sourceTree = "<group>"; };
		1FF10EFD2E242C2B0026F1EB /* APIClient.swift */ = {isa = PBXFileReference; lastKnownFileType = sourcecode.swift; path = APIClient.swift; sourceTree = "<group>"; };
		1FF10EFE2E242C2B0026F1EB /* MockDataManager.swift */ = {isa = PBXFileReference; lastKnownFileType = sourcecode.swift; path = MockDataManager.swift; sourceTree = "<group>"; };
		1FF10F012E242C2B0026F1EB /* BaseViewController.swift */ = {isa = PBXFileReference; lastKnownFileType = sourcecode.swift; path = BaseViewController.swift; sourceTree = "<group>"; };
		1FF10F022E242C2B0026F1EB /* FeedViewController.swift */ = {isa = PBXFileReference; lastKnownFileType = sourcecode.swift; path = FeedViewController.swift; sourceTree = "<group>"; };
/* End PBXFileReference section */

/* Begin PBXFileSystemSynchronizedRootGroup section */
		1FF10ECF2E242A390026F1EB /* lynkTests */ = {
			isa = PBXFileSystemSynchronizedRootGroup;
			path = lynkTests;
			sourceTree = "<group>";
		};
		1FF10ED92E242A390026F1EB /* lynkUITests */ = {
			isa = PBXFileSystemSynchronizedRootGroup;
			path = lynkUITests;
			sourceTree = "<group>";
		};
/* End PBXFileSystemSynchronizedRootGroup section */

/* Begin PBXFrameworksBuildPhase section */
		1FF10EB32E242A360026F1EB /* Frameworks */ = {
			isa = PBXFrameworksBuildPhase;
			buildActionMask = 2147483647;
			files = (
			);
			runOnlyForDeploymentPostprocessing = 0;
		};
		1FF10EC92E242A390026F1EB /* Frameworks */ = {
			isa = PBXFrameworksBuildPhase;
			buildActionMask = 2147483647;
			files = (
			);
			runOnlyForDeploymentPostprocessing = 0;
		};
		1FF10ED32E242A390026F1EB /* Frameworks */ = {
			isa = PBXFrameworksBuildPhase;
			buildActionMask = 2147483647;
			files = (
			);
			runOnlyForDeploymentPostprocessing = 0;
		};
/* End PBXFrameworksBuildPhase section */

/* Begin PBXGroup section */
		1FF10EAD2E242A360026F1EB = {
			isa = PBXGroup;
			children = (
				1FF10EF32E242C2B0026F1EB /* App */,
				1FF10EF62E242C2B0026F1EB /* Config */,
				1FF10EF72E242C2B0026F1EB /* Models */,
				1FF10EFC2E242C2B0026F1EB /* Resources */,
				1FF10EFF2E242C2B0026F1EB /* Services */,
				1FF10F002E242C2B0026F1EB /* UIComponents */,
				1FF10F032E242C2B0026F1EB /* ViewControllers */,
				1FF10F042E242C2B0026F1EB /* ViewModels */,
				1FF10ECF2E242A390026F1EB /* lynkTests */,
				1FF10ED92E242A390026F1EB /* lynkUITests */,
				1FF10EB72E242A360026F1EB /* Products */,
			);
			sourceTree = "<group>";
		};
		1FF10EB72E242A360026F1EB /* Products */ = {
			isa = PBXGroup;
			children = (
				1FF10EB62E242A360026F1EB /* lynk.app */,
				1FF10ECC2E242A390026F1EB /* lynkTests.xctest */,
				1FF10ED62E242A390026F1EB /* lynkUITests.xctest */,
			);
			name = Products;
			sourceTree = "<group>";
		};
		1FF10EF02E242C2B0026F1EB /* Coordinator */ = {
			isa = PBXGroup;
			children = (
			);
			path = Coordinator;
			sourceTree = "<group>";
		};
		1FF10EF32E242C2B0026F1EB /* App */ = {
			isa = PBXGroup;
			children = (
				1FF10EF02E242C2B0026F1EB /* Coordinator */,
				1FF10EF12E242C2B0026F1EB /* AppDelegate.swift */,
				1FF10EF22E242C2B0026F1EB /* SceneDelegate.swift */,
			);
			path = App;
			sourceTree = "<group>";
		};
		1FF10EF62E242C2B0026F1EB /* Config */ = {
			isa = PBXGroup;
			children = (
				1FF10EF42E242C2B0026F1EB /* Environment.swift */,
				1FF10EF52E242C2B0026F1EB /* Theme.swift */,
			);
			path = Config;
			sourceTree = "<group>";
		};
		1FF10EF72E242C2B0026F1EB /* Models */ = {
			isa = PBXGroup;
			children = (
			);
			path = Models;
			sourceTree = "<group>";
		};
		1FF10EFC2E242C2B0026F1EB /* Resources */ = {
			isa = PBXGroup;
			children = (
				1FF10EF82E242C2B0026F1EB /* .env */,
				1FF10EF92E242C2B0026F1EB /* Assets.xcassets */,
				1FF10EFA2E242C2B0026F1EB /* Info.plist */,
				1FF10EFB2E242C2B0026F1EB /* LaunchScreen.storyboard */,
			);
			path = Resources;
			sourceTree = "<group>";
		};
		1FF10EFF2E242C2B0026F1EB /* Services */ = {
			isa = PBXGroup;
			children = (
				1FF10EFD2E242C2B0026F1EB /* APIClient.swift */,
				1FF10EFE2E242C2B0026F1EB /* MockDataManager.swift */,
			);
			path = Services;
			sourceTree = "<group>";
		};
		1FF10F002E242C2B0026F1EB /* UIComponents */ = {
			isa = PBXGroup;
			children = (
			);
			path = UIComponents;
			sourceTree = "<group>";
		};
		1FF10F032E242C2B0026F1EB /* ViewControllers */ = {
			isa = PBXGroup;
			children = (
				1FF10F012E242C2B0026F1EB /* BaseViewController.swift */,
				1FF10F022E242C2B0026F1EB /* FeedViewController.swift */,
			);
			path = ViewControllers;
			sourceTree = "<group>";
		};
		1FF10F042E242C2B0026F1EB /* ViewModels */ = {
			isa = PBXGroup;
			children = (
			);
			path = ViewModels;
			sourceTree = "<group>";
		};
/* End PBXGroup section */

/* Begin PBXNativeTarget section */
		1FF10EB52E242A360026F1EB /* lynk */ = {
			isa = PBXNativeTarget;
			buildConfigurationList = 1FF10EDF2E242A390026F1EB /* Build configuration list for PBXNativeTarget "lynk" */;
			buildPhases = (
				1FF10EB22E242A360026F1EB /* Sources */,
				1FF10EB32E242A360026F1EB /* Frameworks */,
				1FF10EB42E242A360026F1EB /* Resources */,
			);
			buildRules = (
			);
			dependencies = (
			);
			name = lynk;
			packageProductDependencies = (
			);
			productName = lynk;
			productReference = 1FF10EB62E242A360026F1EB /* lynk.app */;
			productType = "com.apple.product-type.application";
		};
		1FF10ECB2E242A390026F1EB /* lynkTests */ = {
			isa = PBXNativeTarget;
			buildConfigurationList = 1FF10EE42E242A390026F1EB /* Build configuration list for PBXNativeTarget "lynkTests" */;
			buildPhases = (
				1FF10EC82E242A390026F1EB /* Sources */,
				1FF10EC92E242A390026F1EB /* Frameworks */,
				1FF10ECA2E242A390026F1EB /* Resources */,
			);
			buildRules = (
			);
			dependencies = (
				1FF10ECE2E242A390026F1EB /* PBXTargetDependency */,
			);
			fileSystemSynchronizedGroups = (
				1FF10ECF2E242A390026F1EB /* lynkTests */,
			);
			name = lynkTests;
			packageProductDependencies = (
			);
			productName = lynkTests;
			productReference = 1FF10ECC2E242A390026F1EB /* lynkTests.xctest */;
			productType = "com.apple.product-type.bundle.unit-test";
		};
		1FF10ED52E242A390026F1EB /* lynkUITests */ = {
			isa = PBXNativeTarget;
			buildConfigurationList = 1FF10EE72E242A390026F1EB /* Build configuration list for PBXNativeTarget "lynkUITests" */;
			buildPhases = (
				1FF10ED22E242A390026F1EB /* Sources */,
				1FF10ED32E242A390026F1EB /* Frameworks */,
				1FF10ED42E242A390026F1EB /* Resources */,
			);
			buildRules = (
			);
			dependencies = (
				1FF10ED82E242A390026F1EB /* PBXTargetDependency */,
			);
			fileSystemSynchronizedGroups = (
				1FF10ED92E242A390026F1EB /* lynkUITests */,
			);
			name = lynkUITests;
			packageProductDependencies = (
			);
			productName = lynkUITests;
			productReference = 1FF10ED62E242A390026F1EB /* lynkUITests.xctest */;
			productType = "com.apple.product-type.bundle.ui-testing";
		};
/* End PBXNativeTarget section */

/* Begin PBXProject section */
		1FF10EAE2E242A360026F1EB /* Project object */ = {
			isa = PBXProject;
			attributes = {
				BuildIndependentTargetsInParallel = 1;
				LastSwiftUpdateCheck = 1640;
				LastUpgradeCheck = 1640;
				TargetAttributes = {
					1FF10EB52E242A360026F1EB = {
						CreatedOnToolsVersion = 16.4;
					};
					1FF10ECB2E242A390026F1EB = {
						CreatedOnToolsVersion = 16.4;
						TestTargetID = 1FF10EB52E242A360026F1EB;
					};
					1FF10ED52E242A390026F1EB = {
						CreatedOnToolsVersion = 16.4;
						TestTargetID = 1FF10EB52E242A360026F1EB;
					};
				};
			};
			buildConfigurationList = 1FF10EB12E242A360026F1EB /* Build configuration list for PBXProject "lynk" */;
			developmentRegion = en;
			hasScannedForEncodings = 0;
			knownRegions = (
				en,
				Base,
			);
			mainGroup = 1FF10EAD2E242A360026F1EB;
			minimizedProjectReferenceProxies = 1;
			preferredProjectObjectVersion = 77;
			productRefGroup = 1FF10EB72E242A360026F1EB /* Products */;
			projectDirPath = "";
			projectRoot = "";
			targets = (
				1FF10EB52E242A360026F1EB /* lynk */,
				1FF10ECB2E242A390026F1EB /* lynkTests */,
				1FF10ED52E242A390026F1EB /* lynkUITests */,
			);
		};
/* End PBXProject section */

/* Begin PBXResourcesBuildPhase section */
		1FF10EB42E242A360026F1EB /* Resources */ = {
			isa = PBXResourcesBuildPhase;
			buildActionMask = 2147483647;
			files = (
				1FF10F0D2E242C2B0026F1EB /* LaunchScreen.storyboard in Resources */,
				1FF10F0E2E242C2B0026F1EB /* .env in Resources */,
				1FF10F0F2E242C2B0026F1EB /* Assets.xcassets in Resources */,
			);
			runOnlyForDeploymentPostprocessing = 0;
		};
		1FF10ECA2E242A390026F1EB /* Resources */ = {
			isa = PBXResourcesBuildPhase;
			buildActionMask = 2147483647;
			files = (
			);
			runOnlyForDeploymentPostprocessing = 0;
		};
		1FF10ED42E242A390026F1EB /* Resources */ = {
			isa = PBXResourcesBuildPhase;
			buildActionMask = 2147483647;
			files = (
			);
			runOnlyForDeploymentPostprocessing = 0;
		};
/* End PBXResourcesBuildPhase section */

/* Begin PBXSourcesBuildPhase section */
		1FF10EB22E242A360026F1EB /* Sources */ = {
			isa = PBXSourcesBuildPhase;
			buildActionMask = 2147483647;
			files = (
				1FF10F052E242C2B0026F1EB /* MockDataManager.swift in Sources */,
				1FF10F062E242C2B0026F1EB /* Theme.swift in Sources */,
				1FF10F072E242C2B0026F1EB /* BaseViewController.swift in Sources */,
				1FF10F082E242C2B0026F1EB /* AppDelegate.swift in Sources */,
				1FF10F092E242C2B0026F1EB /* SceneDelegate.swift in Sources */,
				1FF10F0A2E242C2B0026F1EB /* FeedViewController.swift in Sources */,
				1FF10F0B2E242C2B0026F1EB /* APIClient.swift in Sources */,
				1FF10F0C2E242C2B0026F1EB /* Environment.swift in Sources */,
			);
			runOnlyForDeploymentPostprocessing = 0;
		};
		1FF10EC82E242A390026F1EB /* Sources */ = {
			isa = PBXSourcesBuildPhase;
			buildActionMask = 2147483647;
			files = (
			);
			runOnlyForDeploymentPostprocessing = 0;
		};
		1FF10ED22E242A390026F1EB /* Sources */ = {
			isa = PBXSourcesBuildPhase;
			buildActionMask = 2147483647;
			files = (
			);
			runOnlyForDeploymentPostprocessing = 0;
		};
/* End PBXSourcesBuildPhase section */

/* Begin PBXTargetDependency section */
		1FF10ECE2E242A390026F1EB /* PBXTargetDependency */ = {
			isa = PBXTargetDependency;
			target = 1FF10EB52E242A360026F1EB /* lynk */;
			targetProxy = 1FF10ECD2E242A390026F1EB /* PBXContainerItemProxy */;
		};
		1FF10ED82E242A390026F1EB /* PBXTargetDependency */ = {
			isa = PBXTargetDependency;
			target = 1FF10EB52E242A360026F1EB /* lynk */;
			targetProxy = 1FF10ED72E242A390026F1EB /* PBXContainerItemProxy */;
		};
/* End PBXTargetDependency section */

/* Begin XCBuildConfiguration section */
		1FF10EE02E242A390026F1EB /* Debug */ = {
			isa = XCBuildConfiguration;
			buildSettings = {
				ASSETCATALOG_COMPILER_APPICON_NAME = AppIcon;
				ASSETCATALOG_COMPILER_GLOBAL_ACCENT_COLOR_NAME = AccentColor;
				CODE_SIGN_STYLE = Automatic;
				CURRENT_PROJECT_VERSION = 1;
				GENERATE_INFOPLIST_FILE = YES;
				INFOPLIST_FILE = Resources/Info.plist;
				INFOPLIST_KEY_UIApplicationSupportsIndirectInputEvents = YES;
				INFOPLIST_KEY_UILaunchStoryboardName = LaunchScreen;
				INFOPLIST_KEY_UIMainStoryboardFile = Main;
				INFOPLIST_KEY_UISupportedInterfaceOrientations_iPad = "UIInterfaceOrientationPortrait UIInterfaceOrientationPortraitUpsideDown UIInterfaceOrientationLandscapeLeft UIInterfaceOrientationLandscapeRight";
				INFOPLIST_KEY_UISupportedInterfaceOrientations_iPhone = "UIInterfaceOrientationPortrait UIInterfaceOrientationLandscapeLeft UIInterfaceOrientationLandscapeRight";
				LD_RUNPATH_SEARCH_PATHS = (
					"$(inherited)",
					"@executable_path/Frameworks",
				);
				MARKETING_VERSION = 1.0;
				PRODUCT_BUNDLE_IDENTIFIER = portfolio.lynk;
				PRODUCT_NAME = "$(TARGET_NAME)";
				SWIFT_EMIT_LOC_STRINGS = YES;
				SWIFT_VERSION = 5.0;
				TARGETED_DEVICE_FAMILY = "1,2";
			};
			name = Debug;
		};
		1FF10EE12E242A390026F1EB /* Release */ = {
			isa = XCBuildConfiguration;
			buildSettings = {
				ASSETCATALOG_COMPILER_APPICON_NAME = AppIcon;
				ASSETCATALOG_COMPILER_GLOBAL_ACCENT_COLOR_NAME = AccentColor;
				CODE_SIGN_STYLE = Automatic;
				CURRENT_PROJECT_VERSION = 1;
				GENERATE_INFOPLIST_FILE = YES;
				INFOPLIST_FILE = Resources/Info.plist;
				INFOPLIST_KEY_UIApplicationSupportsIndirectInputEvents = YES;
				INFOPLIST_KEY_UILaunchStoryboardName = LaunchScreen;
				INFOPLIST_KEY_UIMainStoryboardFile = Main;
				INFOPLIST_KEY_UISupportedInterfaceOrientations_iPad = "UIInterfaceOrientationPortrait UIInterfaceOrientationPortraitUpsideDown UIInterfaceOrientationLandscapeLeft UIInterfaceOrientationLandscapeRight";
				INFOPLIST_KEY_UISupportedInterfaceOrientations_iPhone = "UIInterfaceOrientationPortrait UIInterfaceOrientationLandscapeLeft UIInterfaceOrientationLandscapeRight";
				LD_RUNPATH_SEARCH_PATHS = (
					"$(inherited)",
					"@executable_path/Frameworks",
				);
				MARKETING_VERSION = 1.0;
				PRODUCT_BUNDLE_IDENTIFIER = portfolio.lynk;
				PRODUCT_NAME = "$(TARGET_NAME)";
				SWIFT_EMIT_LOC_STRINGS = YES;
				SWIFT_VERSION = 5.0;
				TARGETED_DEVICE_FAMILY = "1,2";
			};
			name = Release;
		};
		1FF10EE22E242A390026F1EB /* Debug */ = {
			isa = XCBuildConfiguration;
			buildSettings = {
				ALWAYS_SEARCH_USER_PATHS = NO;
				ASSETCATALOG_COMPILER_GENERATE_SWIFT_ASSET_SYMBOL_EXTENSIONS = YES;
				CLANG_ANALYZER_NONNULL = YES;
				CLANG_ANALYZER_NUMBER_OBJECT_CONVERSION = YES_AGGRESSIVE;
				CLANG_CXX_LANGUAGE_STANDARD = "gnu++20";
				CLANG_ENABLE_MODULES = YES;
				CLANG_ENABLE_OBJC_ARC = YES;
				CLANG_ENABLE_OBJC_WEAK = YES;
				CLANG_WARN_BLOCK_CAPTURE_AUTORELEASING = YES;
				CLANG_WARN_BOOL_CONVERSION = YES;
				CLANG_WARN_COMMA = YES;
				CLANG_WARN_CONSTANT_CONVERSION = YES;
				CLANG_WARN_DEPRECATED_OBJC_IMPLEMENTATIONS = YES;
				CLANG_WARN_DIRECT_OBJC_ISA_USAGE = YES_ERROR;
				CLANG_WARN_DOCUMENTATION_COMMENTS = YES;
				CLANG_WARN_EMPTY_BODY = YES;
				CLANG_WARN_ENUM_CONVERSION = YES;
				CLANG_WARN_INFINITE_RECURSION = YES;
				CLANG_WARN_INT_CONVERSION = YES;
				CLANG_WARN_NON_LITERAL_NULL_CONVERSION = YES;
				CLANG_WARN_OBJC_IMPLICIT_RETAIN_SELF = YES;
				CLANG_WARN_OBJC_LITERAL_CONVERSION = YES;
				CLANG_WARN_OBJC_ROOT_CLASS = YES_ERROR;
				CLANG_WARN_QUOTED_INCLUDE_IN_FRAMEWORK_HEADER = YES;
				CLANG_WARN_RANGE_LOOP_ANALYSIS = YES;
				CLANG_WARN_STRICT_PROTOTYPES = YES;
				CLANG_WARN_SUSPICIOUS_MOVE = YES;
				CLANG_WARN_UNGUARDED_AVAILABILITY = YES_AGGRESSIVE;
				CLANG_WARN_UNREACHABLE_CODE = YES;
				CLANG_WARN__DUPLICATE_METHOD_MATCH = YES;
				COPY_PHASE_STRIP = NO;
				DEBUG_INFORMATION_FORMAT = dwarf;
				ENABLE_STRICT_OBJC_MSGSEND = YES;
				ENABLE_TESTABILITY = YES;
				ENABLE_USER_SCRIPT_SANDBOXING = YES;
				GCC_C_LANGUAGE_STANDARD = gnu17;
				GCC_DYNAMIC_NO_PIC = NO;
				GCC_NO_COMMON_BLOCKS = YES;
				GCC_OPTIMIZATION_LEVEL = 0;
				GCC_PREPROCESSOR_DEFINITIONS = (
					"DEBUG=1",
					"$(inherited)",
				);
				GCC_WARN_64_TO_32_BIT_CONVERSION = YES;
				GCC_WARN_ABOUT_RETURN_TYPE = YES_ERROR;
				GCC_WARN_UNDECLARED_SELECTOR = YES;
				GCC_WARN_UNINITIALIZED_AUTOS = YES_AGGRESSIVE;
				GCC_WARN_UNUSED_FUNCTION = YES;
				GCC_WARN_UNUSED_VARIABLE = YES;
				IPHONEOS_DEPLOYMENT_TARGET = 18.5;
				LOCALIZATION_PREFERS_STRING_CATALOGS = YES;
				MTL_ENABLE_DEBUG_INFO = INCLUDE_SOURCE;
				MTL_FAST_MATH = YES;
				ONLY_ACTIVE_ARCH = YES;
				SDKROOT = iphoneos;
				SWIFT_ACTIVE_COMPILATION_CONDITIONS = "DEBUG $(inherited)";
				SWIFT_OPTIMIZATION_LEVEL = "-Onone";
			};
			name = Debug;
		};
		1FF10EE32E242A390026F1EB /* Release */ = {
			isa = XCBuildConfiguration;
			buildSettings = {
				ALWAYS_SEARCH_USER_PATHS = NO;
				ASSETCATALOG_COMPILER_GENERATE_SWIFT_ASSET_SYMBOL_EXTENSIONS = YES;
				CLANG_ANALYZER_NONNULL = YES;
				CLANG_ANALYZER_NUMBER_OBJECT_CONVERSION = YES_AGGRESSIVE;
				CLANG_CXX_LANGUAGE_STANDARD = "gnu++20";
				CLANG_ENABLE_MODULES = YES;
				CLANG_ENABLE_OBJC_ARC = YES;
				CLANG_ENABLE_OBJC_WEAK = YES;
				CLANG_WARN_BLOCK_CAPTURE_AUTORELEASING = YES;
				CLANG_WARN_BOOL_CONVERSION = YES;
				CLANG_WARN_COMMA = YES;
				CLANG_WARN_CONSTANT_CONVERSION = YES;
				CLANG_WARN_DEPRECATED_OBJC_IMPLEMENTATIONS = YES;
				CLANG_WARN_DIRECT_OBJC_ISA_USAGE = YES_ERROR;
				CLANG_WARN_DOCUMENTATION_COMMENTS = YES;
				CLANG_WARN_EMPTY_BODY = YES;
				CLANG_WARN_ENUM_CONVERSION = YES;
				CLANG_WARN_INFINITE_RECURSION = YES;
				CLANG_WARN_INT_CONVERSION = YES;
				CLANG_WARN_NON_LITERAL_NULL_CONVERSION = YES;
				CLANG_WARN_OBJC_IMPLICIT_RETAIN_SELF = YES;
				CLANG_WARN_OBJC_LITERAL_CONVERSION = YES;
				CLANG_WARN_OBJC_ROOT_CLASS = YES_ERROR;
				CLANG_WARN_QUOTED_INCLUDE_IN_FRAMEWORK_HEADER = YES;
				CLANG_WARN_RANGE_LOOP_ANALYSIS = YES;
				CLANG_WARN_STRICT_PROTOTYPES = YES;
				CLANG_WARN_SUSPICIOUS_MOVE = YES;
				CLANG_WARN_UNGUARDED_AVAILABILITY = YES_AGGRESSIVE;
				CLANG_WARN_UNREACHABLE_CODE = YES;
				CLANG_WARN__DUPLICATE_METHOD_MATCH = YES;
				COPY_PHASE_STRIP = NO;
				DEBUG_INFORMATION_FORMAT = "dwarf-with-dsym";
				ENABLE_NS_ASSERTIONS = NO;
				ENABLE_STRICT_OBJC_MSGSEND = YES;
				ENABLE_USER_SCRIPT_SANDBOXING = YES;
				GCC_C_LANGUAGE_STANDARD = gnu17;
				GCC_NO_COMMON_BLOCKS = YES;
				GCC_WARN_64_TO_32_BIT_CONVERSION = YES;
				GCC_WARN_ABOUT_RETURN_TYPE = YES_ERROR;
				GCC_WARN_UNDECLARED_SELECTOR = YES;
				GCC_WARN_UNINITIALIZED_AUTOS = YES_AGGRESSIVE;
				GCC_WARN_UNUSED_FUNCTION = YES;
				GCC_WARN_UNUSED_VARIABLE = YES;
				IPHONEOS_DEPLOYMENT_TARGET = 18.5;
				LOCALIZATION_PREFERS_STRING_CATALOGS = YES;
				MTL_ENABLE_DEBUG_INFO = NO;
				MTL_FAST_MATH = YES;
				SDKROOT = iphoneos;
				SWIFT_COMPILATION_MODE = wholemodule;
				VALIDATE_PRODUCT = YES;
			};
			name = Release;
		};
		1FF10EE52E242A390026F1EB /* Debug */ = {
			isa = XCBuildConfiguration;
			buildSettings = {
				BUNDLE_LOADER = "$(TEST_HOST)";
				CODE_SIGN_STYLE = Automatic;
				CURRENT_PROJECT_VERSION = 1;
				GENERATE_INFOPLIST_FILE = YES;
				IPHONEOS_DEPLOYMENT_TARGET = 18.5;
				MARKETING_VERSION = 1.0;
				PRODUCT_BUNDLE_IDENTIFIER = portfolio.lynkTests;
				PRODUCT_NAME = "$(TARGET_NAME)";
				SWIFT_EMIT_LOC_STRINGS = NO;
				SWIFT_VERSION = 5.0;
				TARGETED_DEVICE_FAMILY = "1,2";
				TEST_HOST = "$(BUILT_PRODUCTS_DIR)/lynk.app/$(BUNDLE_EXECUTABLE_FOLDER_PATH)/lynk";
			};
			name = Debug;
		};
		1FF10EE62E242A390026F1EB /* Release */ = {
			isa = XCBuildConfiguration;
			buildSettings = {
				BUNDLE_LOADER = "$(TEST_HOST)";
				CODE_SIGN_STYLE = Automatic;
				CURRENT_PROJECT_VERSION = 1;
				GENERATE_INFOPLIST_FILE = YES;
				IPHONEOS_DEPLOYMENT_TARGET = 18.5;
				MARKETING_VERSION = 1.0;
				PRODUCT_BUNDLE_IDENTIFIER = portfolio.lynkTests;
				PRODUCT_NAME = "$(TARGET_NAME)";
				SWIFT_EMIT_LOC_STRINGS = NO;
				SWIFT_VERSION = 5.0;
				TARGETED_DEVICE_FAMILY = "1,2";
				TEST_HOST = "$(BUILT_PRODUCTS_DIR)/lynk.app/$(BUNDLE_EXECUTABLE_FOLDER_PATH)/lynk";
			};
			name = Release;
		};
		1FF10EE82E242A390026F1EB /* Debug */ = {
			isa = XCBuildConfiguration;
			buildSettings = {
				CODE_SIGN_STYLE = Automatic;
				CURRENT_PROJECT_VERSION = 1;
				GENERATE_INFOPLIST_FILE = YES;
				MARKETING_VERSION = 1.0;
				PRODUCT_BUNDLE_IDENTIFIER = portfolio.lynkUITests;
				PRODUCT_NAME = "$(TARGET_NAME)";
				SWIFT_EMIT_LOC_STRINGS = NO;
				SWIFT_VERSION = 5.0;
				TARGETED_DEVICE_FAMILY = "1,2";
				TEST_TARGET_NAME = lynk;
			};
			name = Debug;
		};
		1FF10EE92E242A390026F1EB /* Release */ = {
			isa = XCBuildConfiguration;
			buildSettings = {
				CODE_SIGN_STYLE = Automatic;
				CURRENT_PROJECT_VERSION = 1;
				GENERATE_INFOPLIST_FILE = YES;
				MARKETING_VERSION = 1.0;
				PRODUCT_BUNDLE_IDENTIFIER = portfolio.lynkUITests;
				PRODUCT_NAME = "$(TARGET_NAME)";
				SWIFT_EMIT_LOC_STRINGS = NO;
				SWIFT_VERSION = 5.0;
				TARGETED_DEVICE_FAMILY = "1,2";
				TEST_TARGET_NAME = lynk;
			};
			name = Release;
		};
/* End XCBuildConfiguration section */

/* Begin XCConfigurationList section */
		1FF10EB12E242A360026F1EB /* Build configuration list for PBXProject "lynk" */ = {
			isa = XCConfigurationList;
			buildConfigurations = (
				1FF10EE22E242A390026F1EB /* Debug */,
				1FF10EE32E242A390026F1EB /* Release */,
			);
			defaultConfigurationIsVisible = 0;
			defaultConfigurationName = Release;
		};
		1FF10EDF2E242A390026F1EB /* Build configuration list for PBXNativeTarget "lynk" */ = {
			isa = XCConfigurationList;
			buildConfigurations = (
				1FF10EE02E242A390026F1EB /* Debug */,
				1FF10EE12E242A390026F1EB /* Release */,
			);
			defaultConfigurationIsVisible = 0;
			defaultConfigurationName = Release;
		};
		1FF10EE42E242A390026F1EB /* Build configuration list for PBXNativeTarget "lynkTests" */ = {
			isa = XCConfigurationList;
			buildConfigurations = (
				1FF10EE52E242A390026F1EB /* Debug */,
				1FF10EE62E242A390026F1EB /* Release */,
			);
			defaultConfigurationIsVisible = 0;
			defaultConfigurationName = Release;
		};
		1FF10EE72E242A390026F1EB /* Build configuration list for PBXNativeTarget "lynkUITests" */ = {
			isa = XCConfigurationList;
			buildConfigurations = (
				1FF10EE82E242A390026F1EB /* Debug */,
				1FF10EE92E242A390026F1EB /* Release */,
			);
			defaultConfigurationIsVisible = 0;
			defaultConfigurationName = Release;
		};
/* End XCConfigurationList section */
	};
	rootObject = 1FF10EAE2E242A360026F1EB /* Project object */;
}
